// !$*UTF8*$!
{
	archiveVersion = 1;
	classes = {};
	objectVersion = 56;
	objects = {
		E14673B8A0E841EC9FAD729D = {isa = PBXProject; attributes = {BuildIndependentTargetsInParallel = 1; LastUpgradeCheck = 2700; TargetAttributes = {ED510DE1F871446AA55157CB = {CreatedOnToolsVersion = 27.0; }; }; }; buildConfigurationList = B22920C0439E49DB87827021; compatibilityVersion = "Xcode 14.0"; developmentRegion = en; hasScannedForEncodings = 0; knownRegions = (en, Base); mainGroup = AEC83B7583D04ACAB6349C74; productRefGroup = 282EDE01D5F94974A8EEB126; projectDirPath = ""; projectRoot = ""; targets = (ED510DE1F871446AA55157CB,); };
		AEC83B7583D04ACAB6349C74 = {isa = PBXGroup; children = (8C9AAC1659174141BCBDC817, 282EDE01D5F94974A8EEB126); sourceTree = "<group>"; };
		8C9AAC1659174141BCBDC817 = {isa = PBXGroup; path = ""; sourceTree = "<group>"; children = (9906C6ADB8BE47BAAF680733, 87F647FA955A4A2690518657, 5CAF4C0D29234F04A7F77E98, F147C0818B8F43D7BCF1DC99); };
		282EDE01D5F94974A8EEB126 = {isa = PBXGroup; name = Products; sourceTree = "<group>"; children = (04451B46FBFE458DA90201A9,); };
		9906C6ADB8BE47BAAF680733 = {isa = PBXFileReference; lastKnownFileType = sourcecode.c.c; path = "../../scripts/diskmap/launcher.c"; sourceTree = SOURCE_ROOT; };
		87F647FA955A4A2690518657 = {isa = PBXFileReference; lastKnownFileType = folder.assetcatalog; path = Assets.xcassets; sourceTree = "<group>"; };
		5CAF4C0D29234F04A7F77E98 = {isa = PBXFileReference; lastKnownFileType = text.plist.xml; path = Info.plist; sourceTree = "<group>"; };
		F147C0818B8F43D7BCF1DC99 = {isa = PBXFileReference; lastKnownFileType = text.plist.entitlements; path = AppStore.entitlements; sourceTree = "<group>"; };
		04451B46FBFE458DA90201A9 = {isa = PBXFileReference; explicitFileType = wrapper.application; includeInIndex = 0; path = Diskmap.app; sourceTree = BUILT_PRODUCTS_DIR; };
		ED510DE1F871446AA55157CB = {isa = PBXNativeTarget; buildConfigurationList = 0A55CE9E32D443D48594CF98; buildPhases = (97E1209186254F7AA591C412, 6F3CCF758B3D49649386C508, 5203D6C3CB004F5CABF19341, 74C8B64D43B24C389294AED7); buildRules = (); dependencies = (); name = Diskmap; productName = Diskmap; productReference = 04451B46FBFE458DA90201A9; productType = "com.apple.product-type.application"; };
		97E1209186254F7AA591C412 = {isa = PBXSourcesBuildPhase; buildActionMask = 2147483647; files = (7CD5303B10FC464B984DB5DF,); runOnlyForDeploymentPostprocessing = 0; };
		7CD5303B10FC464B984DB5DF = {isa = PBXBuildFile; fileRef = 9906C6ADB8BE47BAAF680733; };
		6F3CCF758B3D49649386C508 = {isa = PBXFrameworksBuildPhase; buildActionMask = 2147483647; files = (); runOnlyForDeploymentPostprocessing = 0; };
		5203D6C3CB004F5CABF19341 = {isa = PBXResourcesBuildPhase; buildActionMask = 2147483647; files = (B5BCDF98CFA744BFBD9E73B7,); runOnlyForDeploymentPostprocessing = 0; };
		B5BCDF98CFA744BFBD9E73B7 = {isa = PBXBuildFile; fileRef = 87F647FA955A4A2690518657; };
		74C8B64D43B24C389294AED7 = {isa = PBXShellScriptBuildPhase; alwaysOutOfDate = 1; buildActionMask = 2147483647; files = (); inputPaths = ("$(SRCROOT)/../../scripts/diskmap/bundle.py", "$(SRCROOT)/../../build/AppKit.dylib", "$(SRCROOT)/../../build/StorageScan.dylib"); name = "Bundle lua-objc runtime"; outputPaths = (); runOnlyForDeploymentPostprocessing = 0; shellPath = /bin/sh; shellScript = "set -eu\nROOT=\"${SRCROOT}/../..\"\nmake -C \"$ROOT\" build/AppKit.dylib build/StorageScan.dylib\npython3 \"$ROOT/scripts/diskmap/bundle.py\"\nSOURCE=\"$ROOT/build/Diskmap.app/Contents\"\nDEST=\"${TARGET_BUILD_DIR}/${WRAPPER_NAME}/Contents\"\nmkdir -p \"$DEST/Frameworks\" \"$DEST/Resources\"\nditto \"$SOURCE/Frameworks\" \"$DEST/Frameworks\"\nditto \"$SOURCE/Resources/lua\" \"$DEST/Resources/lua\"\nditto \"$SOURCE/Resources/apps/diskmap\" \"$DEST/Resources/apps/diskmap\"\n"; };
		B22920C0439E49DB87827021 = {isa = XCConfigurationList; buildConfigurations = (F11A92AF4D674368B6EE011B, B0096754A0644ED4B000732E); defaultConfigurationIsVisible = 0; defaultConfigurationName = Release; };
		0A55CE9E32D443D48594CF98 = {isa = XCConfigurationList; buildConfigurations = (8CF609AE5D0345789D299E92, CFCF5F351F264769A4AA6975); defaultConfigurationIsVisible = 0; defaultConfigurationName = Release; };
		F11A92AF4D674368B6EE011B = {isa = XCBuildConfiguration; buildSettings = {ALWAYS_SEARCH_USER_PATHS = NO; CLANG_ENABLE_MODULES = YES; CLANG_ENABLE_OBJC_ARC = YES; MACOSX_DEPLOYMENT_TARGET = 26.0; SDKROOT = macosx; }; name = Debug; };
		B0096754A0644ED4B000732E = {isa = XCBuildConfiguration; buildSettings = {ALWAYS_SEARCH_USER_PATHS = NO; CLANG_ENABLE_MODULES = YES; CLANG_ENABLE_OBJC_ARC = YES; MACOSX_DEPLOYMENT_TARGET = 26.0; SDKROOT = macosx; }; name = Release; };
		8CF609AE5D0345789D299E92 = {isa = XCBuildConfiguration; buildSettings = {ASSETCATALOG_COMPILER_APPICON_NAME = AppIcon; CODE_SIGN_ENTITLEMENTS = AppStore.entitlements; CODE_SIGN_STYLE = Automatic; ENABLE_APP_SANDBOX = YES; GENERATE_INFOPLIST_FILE = NO; INFOPLIST_FILE = Info.plist; MACOSX_DEPLOYMENT_TARGET = 26.0; PRODUCT_BUNDLE_IDENTIFIER = org.luaobjc.diskmap; PRODUCT_NAME = Diskmap; SDKROOT = macosx; SUPPORTED_PLATFORMS = macosx; ARCHS = arm64; }; name = Debug; };
		CFCF5F351F264769A4AA6975 = {isa = XCBuildConfiguration; buildSettings = {ASSETCATALOG_COMPILER_APPICON_NAME = AppIcon; CODE_SIGN_ENTITLEMENTS = AppStore.entitlements; CODE_SIGN_STYLE = Automatic; ENABLE_APP_SANDBOX = YES; GENERATE_INFOPLIST_FILE = NO; INFOPLIST_FILE = Info.plist; MACOSX_DEPLOYMENT_TARGET = 26.0; PRODUCT_BUNDLE_IDENTIFIER = org.luaobjc.diskmap; PRODUCT_NAME = Diskmap; SDKROOT = macosx; SUPPORTED_PLATFORMS = macosx; ARCHS = arm64; }; name = Release; };
	};
	rootObject = E14673B8A0E841EC9FAD729D;
}
